{
  "name": "Test",
  "lockfileVersion": 3,
  "requires": true,
  "packages": {
    "": {
      "dependencies": {
        "@acharyamanish/simp": "^0.1.1"
      }
    },
    "node_modules/@acharyamanish/simp": {
      "version": "0.1.1",
      "resolved": "https://registry.npmjs.org/@acharyamanish/simp/-/simp-0.1.1.tgz",
      "integrity": "sha512-+sfOF2z96m/HJe1OE7k7J7TUHnPYsQl+KaNOnBfq2bKGzuFKNRepsvUC/oSMtF0EjqsV6sbie0mGJAF57i/J8w=="
    }
  }
}
